
Microsoft Visual Studio Solution File, Format Version 12.00
Project("{2150E333-8FDC-42A3-9474-1A3956D46DE8}") = "sec", "sec", "{B5EA4264-1923-41FC-B6E3-FA27B2264409}"
EndProject
Project("{2150E333-8FDC-42A3-9474-1A3956D46DE8}") = "tests", "tests", "{4C52AF92-B88F-4462-A295-F82553B28850}"
EndProject
Project("{FAE04EC0-301F-11D3-BF4B-00C04F79EFBC}") = "terraservice.api", "src\terraservice.api\terraservice.api.csproj", "{DF85AE4E-9A47-40EA-8A6B-4FAB6B862435}"
EndProject
Project("{FAE04EC0-301F-11D3-BF4B-00C04F79EFBC}") = "terraservice.Domain", "src\terraservice.Domain\terraservice.Domain.csproj", "{F75E1100-DF17-4840-B698-13276FADB615}"
EndProject
Project("{FAE04EC0-301F-11D3-BF4B-00C04F79EFBC}") = "terraservice.Aplication", "src\terraservice.Aplication\terraservice.Aplication.csproj", "{0B847505-BAC3-478A-ACF4-8C4F4763B623}"
EndProject
Project("{FAE04EC0-301F-11D3-BF4B-00C04F79EFBC}") = "terraservice.Communication", "src\terraservice.Communication\terraservice.Communication.csproj", "{E6CBD5A9-DAE4-4157-B953-CE90CA2EA753}"
EndProject
Project("{FAE04EC0-301F-11D3-BF4B-00C04F79EFBC}") = "terraservice.Infrastructure", "src\terraservice.Infrastructure\terraservice.Infrastructure.csproj", "{2255C8D6-2496-479E-A46C-EC2ED8E98B39}"
EndProject
Project("{FAE04EC0-301F-11D3-BF4B-00C04F79EFBC}") = "terraservice.Exception", "src\terraservice.Exception\terraservice.Exception.csproj", "{070AC0AA-E936-43DA-8344-A1140AB48722}"
EndProject
Global
	GlobalSection(SolutionConfigurationPlatforms) = preSolution
		Debug|Any CPU = Debug|Any CPU
		Release|Any CPU = Release|Any CPU
	EndGlobalSection
	GlobalSection(NestedProjects) = preSolution
		{DF85AE4E-9A47-40EA-8A6B-4FAB6B862435} = {B5EA4264-1923-41FC-B6E3-FA27B2264409}
		{F75E1100-DF17-4840-B698-13276FADB615} = {B5EA4264-1923-41FC-B6E3-FA27B2264409}
		{0B847505-BAC3-478A-ACF4-8C4F4763B623} = {B5EA4264-1923-41FC-B6E3-FA27B2264409}
		{E6CBD5A9-DAE4-4157-B953-CE90CA2EA753} = {B5EA4264-1923-41FC-B6E3-FA27B2264409}
		{2255C8D6-2496-479E-A46C-EC2ED8E98B39} = {B5EA4264-1923-41FC-B6E3-FA27B2264409}
		{070AC0AA-E936-43DA-8344-A1140AB48722} = {B5EA4264-1923-41FC-B6E3-FA27B2264409}
	EndGlobalSection
	GlobalSection(ProjectConfigurationPlatforms) = postSolution
		{DF85AE4E-9A47-40EA-8A6B-4FAB6B862435}.Debug|Any CPU.ActiveCfg = Debug|Any CPU
		{DF85AE4E-9A47-40EA-8A6B-4FAB6B862435}.Debug|Any CPU.Build.0 = Debug|Any CPU
		{DF85AE4E-9A47-40EA-8A6B-4FAB6B862435}.Release|Any CPU.ActiveCfg = Release|Any CPU
		{DF85AE4E-9A47-40EA-8A6B-4FAB6B862435}.Release|Any CPU.Build.0 = Release|Any CPU
		{F75E1100-DF17-4840-B698-13276FADB615}.Debug|Any CPU.ActiveCfg = Debug|Any CPU
		{F75E1100-DF17-4840-B698-13276FADB615}.Debug|Any CPU.Build.0 = Debug|Any CPU
		{F75E1100-DF17-4840-B698-13276FADB615}.Release|Any CPU.ActiveCfg = Release|Any CPU
		{F75E1100-DF17-4840-B698-13276FADB615}.Release|Any CPU.Build.0 = Release|Any CPU
		{0B847505-BAC3-478A-ACF4-8C4F4763B623}.Debug|Any CPU.ActiveCfg = Debug|Any CPU
		{0B847505-BAC3-478A-ACF4-8C4F4763B623}.Debug|Any CPU.Build.0 = Debug|Any CPU
		{0B847505-BAC3-478A-ACF4-8C4F4763B623}.Release|Any CPU.ActiveCfg = Release|Any CPU
		{0B847505-BAC3-478A-ACF4-8C4F4763B623}.Release|Any CPU.Build.0 = Release|Any CPU
		{E6CBD5A9-DAE4-4157-B953-CE90CA2EA753}.Debug|Any CPU.ActiveCfg = Debug|Any CPU
		{E6CBD5A9-DAE4-4157-B953-CE90CA2EA753}.Debug|Any CPU.Build.0 = Debug|Any CPU
		{E6CBD5A9-DAE4-4157-B953-CE90CA2EA753}.Release|Any CPU.ActiveCfg = Release|Any CPU
		{E6CBD5A9-DAE4-4157-B953-CE90CA2EA753}.Release|Any CPU.Build.0 = Release|Any CPU
		{2255C8D6-2496-479E-A46C-EC2ED8E98B39}.Debug|Any CPU.ActiveCfg = Debug|Any CPU
		{2255C8D6-2496-479E-A46C-EC2ED8E98B39}.Debug|Any CPU.Build.0 = Debug|Any CPU
		{2255C8D6-2496-479E-A46C-EC2ED8E98B39}.Release|Any CPU.ActiveCfg = Release|Any CPU
		{2255C8D6-2496-479E-A46C-EC2ED8E98B39}.Release|Any CPU.Build.0 = Release|Any CPU
		{070AC0AA-E936-43DA-8344-A1140AB48722}.Debug|Any CPU.ActiveCfg = Debug|Any CPU
		{070AC0AA-E936-43DA-8344-A1140AB48722}.Debug|Any CPU.Build.0 = Debug|Any CPU
		{070AC0AA-E936-43DA-8344-A1140AB48722}.Release|Any CPU.ActiveCfg = Release|Any CPU
		{070AC0AA-E936-43DA-8344-A1140AB48722}.Release|Any CPU.Build.0 = Release|Any CPU
	EndGlobalSection
EndGlobal
